# This file is automatically @generated by Cargo.
# It is not intended for manual editing.
version = 4

[[package]]
name = "abhilekh-cli"
version = "0.0.1"

[[package]]
name = "abhilekh-core"
version = "0.0.1"

[[package]]
name = "abhilekh-eval"
version = "0.0.1"

[[package]]
name = "abhilekh-facts"
version = "0.0.1"

[[package]]
name = "abhilekh-index"
version = "0.0.1"

[[package]]
name = "abhilekh-log"
version = "0.0.1"

[[package]]
name = "abhilekh-mcp"
version = "0.0.1"

[[package]]
name = "abhilekh-notes"
version = "0.0.1"

[[package]]
name = "abhilekh-types"
version = "0.0.1"
